<?xml version="1.0" encoding="utf-8"?>
<Project ToolsVersion="4.0" xmlns="http://schemas.microsoft.com/developer/msbuild/2003">
  <ItemGroup>
    <Filter Include="Main">
      <UniqueIdentifier>{b3e7d405-8b0b-4811-97fc-7c4d0f1995d4}</UniqueIdentifier>
    </Filter>
    <Filter Include="UserAndGameServerHandle">
      <UniqueIdentifier>{54844700-9656-4f37-95ba-67f4161561e5}</UniqueIdentifier>
    </Filter>
    <Filter Include="Dummy">
      <UniqueIdentifier>{7215d8e1-a7d1-4d4f-9cd4-de34f37bb54c}</UniqueIdentifier>
    </Filter>
    <Filter Include="Helper">
      <UniqueIdentifier>{46b2041c-a6eb-41f5-8874-a05f00ec20e5}</UniqueIdentifier>
    </Filter>
    <Filter Include="Dummy\DumAct">
      <UniqueIdentifier>{572ab291-5a53-498d-9f16-99f8c90ba69d}</UniqueIdentifier>
    </Filter>
    <Filter Include="Dummy\GameData">
      <UniqueIdentifier>{883bfc7a-bcb7-4b9e-915e-87a2668362a7}</UniqueIdentifier>
    </Filter>
  </ItemGroup>
  <ItemGroup>
    <ClCompile Include="Client.cpp">
      <Filter>Main</Filter>
    </ClCompile>
    <ClCompile Include="pch.cpp">
      <Filter>Main</Filter>
    </ClCompile>
    <ClCompile Include="GameServerSession.cpp">
      <Filter>Main</Filter>
    </ClCompile>
    <ClCompile Include="GameServerPacketHandler.cpp">
      <Filter>Main</Filter>
    </ClCompile>
    <ClCompile Include="UserAndGameServerHandle\ReqTestMsg.cpp">
      <Filter>UserAndGameServerHandle</Filter>
    </ClCompile>
    <ClCompile Include="UserAndGameServerHandle\AnsChat.cpp">
      <Filter>UserAndGameServerHandle</Filter>
    </ClCompile>
    <ClCompile Include="Dummy\DummyUser.cpp">
      <Filter>Dummy</Filter>
    </ClCompile>
    <ClCompile Include="Dummy\DummyUserManager.cpp">
      <Filter>Dummy</Filter>
    </ClCompile>
    <ClCompile Include="Dummy\DummyProfile.cpp">
      <Filter>Dummy</Filter>
    </ClCompile>
    <ClCompile Include="Dummy\DumAct\DumAct.cpp">
      <Filter>Dummy\DumAct</Filter>
    </ClCompile>
    <ClCompile Include="Helper\ProtoConverter.cpp">
      <Filter>Helper</Filter>
    </ClCompile>
    <ClCompile Include="UserAndGameServerHandle\AnsLogin.cpp">
      <Filter>UserAndGameServerHandle</Filter>
    </ClCompile>
    <ClCompile Include="Dummy\Inventory.cpp">
      <Filter>Dummy</Filter>
    </ClCompile>
    <ClCompile Include="Helper\LogHelper.cpp">
      <Filter>Helper</Filter>
    </ClCompile>
    <ClCompile Include="ClientType.cpp">
      <Filter>Main</Filter>
    </ClCompile>
    <ClCompile Include="UserAndGameServerHandle\AnsGameConn.cpp">
      <Filter>UserAndGameServerHandle</Filter>
    </ClCompile>
  </ItemGroup>
  <ItemGroup>
    <ClInclude Include="ClientPch.h">
      <Filter>Main</Filter>
    </ClInclude>
    <ClInclude Include="pch.h">
      <Filter>Main</Filter>
    </ClInclude>
    <ClInclude Include="GameServerSession.h">
      <Filter>Main</Filter>
    </ClInclude>
    <ClInclude Include="GameServerPacketHandler.h">
      <Filter>Main</Filter>
    </ClInclude>
    <ClInclude Include="UserAndGameServerHandle\UserAndGameServerHandle.h">
      <Filter>UserAndGameServerHandle</Filter>
    </ClInclude>
    <ClInclude Include="ClientDefine.h">
      <Filter>Main</Filter>
    </ClInclude>
    <ClInclude Include="ClientType.h">
      <Filter>Main</Filter>
    </ClInclude>
    <ClInclude Include="Dummy\DummyUser.h">
      <Filter>Dummy</Filter>
    </ClInclude>
    <ClInclude Include="Dummy\DummyUserManager.h">
      <Filter>Dummy</Filter>
    </ClInclude>
    <ClInclude Include="Dummy\DummyProfile.h">
      <Filter>Dummy</Filter>
    </ClInclude>
    <ClInclude Include="Dummy\DumAct\DumAct.h">
      <Filter>Dummy\DumAct</Filter>
    </ClInclude>
    <ClInclude Include="Helper\ProtoConverter.h">
      <Filter>Helper</Filter>
    </ClInclude>
    <ClInclude Include="Dummy\GameData\ItemData.h">
      <Filter>Dummy\GameData</Filter>
    </ClInclude>
    <ClInclude Include="Dummy\GameData\CostumeData.h">
      <Filter>Dummy\GameData</Filter>
    </ClInclude>
    <ClInclude Include="Dummy\GameData\CharacterData.h">
      <Filter>Dummy\GameData</Filter>
    </ClInclude>
    <ClInclude Include="Dummy\Inventory.h">
      <Filter>Dummy</Filter>
    </ClInclude>
    <ClInclude Include="Helper\LogHelper.h">
      <Filter>Helper</Filter>
    </ClInclude>
  </ItemGroup>
</Project>