<?xml version="1.0" encoding="utf-8"?>
<Project ToolsVersion="4.0" xmlns="http://schemas.microsoft.com/developer/msbuild/2003">
  <ItemGroup>
    <Filter Include="Main">
      <UniqueIdentifier>{ef6d8c96-d629-4967-a742-97e50df7bf38}</UniqueIdentifier>
    </Filter>
    <Filter Include="Main\UserAndGameServerHandle">
      <UniqueIdentifier>{a77ac2c4-f7ac-48c4-aa02-0929fab6a4e1}</UniqueIdentifier>
    </Filter>
    <Filter Include="User">
      <UniqueIdentifier>{24c4486a-b1ee-43f9-98cc-0c18ceda4579}</UniqueIdentifier>
    </Filter>
    <Filter Include="Configs">
      <UniqueIdentifier>{fdc51fe6-6d83-4023-a0a9-7fbc8617bb7e}</UniqueIdentifier>
    </Filter>
    <Filter Include="ConfigClass">
      <UniqueIdentifier>{48a94c8c-0b13-4094-97c0-f65709c38521}</UniqueIdentifier>
    </Filter>
    <Filter Include="DBWrapper">
      <UniqueIdentifier>{7ed29010-87ce-41ac-bae7-62004db11888}</UniqueIdentifier>
    </Filter>
  </ItemGroup>
  <ItemGroup>
    <ClCompile Include="Server.cpp">
      <Filter>Main</Filter>
    </ClCompile>
    <ClCompile Include="pch.cpp">
      <Filter>Main</Filter>
    </ClCompile>
    <ClCompile Include="ServerPch.cpp">
      <Filter>Main</Filter>
    </ClCompile>
    <ClCompile Include="UserSession.cpp">
      <Filter>Main</Filter>
    </ClCompile>
    <ClCompile Include="ServerPacketHandler.cpp">
      <Filter>Main</Filter>
    </ClCompile>
    <ClCompile Include="UserAndGameServerHandle\ReqChat.cpp">
      <Filter>Main\UserAndGameServerHandle</Filter>
    </ClCompile>
    <ClCompile Include="User\GameUser.cpp">
      <Filter>User</Filter>
    </ClCompile>
    <ClCompile Include="User\GameProfile.cpp">
      <Filter>User</Filter>
    </ClCompile>
    <ClCompile Include="ConfigClass\DBConfig.cpp">
      <Filter>ConfigClass</Filter>
    </ClCompile>
    <ClCompile Include="DBWrapper\DBWrapper.cpp">
      <Filter>DBWrapper</Filter>
    </ClCompile>
  </ItemGroup>
  <ItemGroup>
    <ClInclude Include="ServerPch.h">
      <Filter>Main</Filter>
    </ClInclude>
    <ClInclude Include="pch.h">
      <Filter>Main</Filter>
    </ClInclude>
    <ClInclude Include="UserSession.h">
      <Filter>Main</Filter>
    </ClInclude>
    <ClInclude Include="ServerPacketHandler.h">
      <Filter>Main</Filter>
    </ClInclude>
    <ClInclude Include="UserAndGameServerHandle\UserAndGameServerHandle.h">
      <Filter>Main\UserAndGameServerHandle</Filter>
    </ClInclude>
    <ClInclude Include="ServerTypes.h">
      <Filter>Main</Filter>
    </ClInclude>
    <ClInclude Include="ServerDefines.h">
      <Filter>Main</Filter>
    </ClInclude>
    <ClInclude Include="User\GameUser.h">
      <Filter>User</Filter>
    </ClInclude>
    <ClInclude Include="User\GameProfile.h">
      <Filter>User</Filter>
    </ClInclude>
    <ClInclude Include="ConfigClass\DBConfig.h">
      <Filter>ConfigClass</Filter>
    </ClInclude>
    <ClInclude Include="ServerEnums.h">
      <Filter>Main</Filter>
    </ClInclude>
    <ClInclude Include="DBWrapper\DBWrapper.h">
      <Filter>DBWrapper</Filter>
    </ClInclude>
  </ItemGroup>
  <ItemGroup>
    <None Include="Configs\ServerConfig.json">
      <Filter>Configs</Filter>
    </None>
  </ItemGroup>
</Project>