<?xml version="1.0" encoding="utf-8"?>
<Project ToolsVersion="17.0" xmlns="http://schemas.microsoft.com/developer/msbuild/2003">
  <ItemGroup>
    <ClCompile Include="C:\git\_protobuf\protobuf-main\third_party\abseil-cpp\absl\log\scoped_mock_log.cc">
      <Filter>Source Files</Filter>
    </ClCompile>
    <ClCompile Include="C:\git\_protobuf\protobuf-main\third_party\abseil-cpp\absl\random\internal\chi_square.cc">
      <Filter>Source Files</Filter>
    </ClCompile>
    <ClCompile Include="C:\git\_protobuf\protobuf-main\third_party\abseil-cpp\absl\random\internal\distribution_test_util.cc">
      <Filter>Source Files</Filter>
    </ClCompile>
    <ClCompile Include="C:\git\_protobuf\protobuf-main\third_party\abseil-cpp\absl\status\internal\status_matchers.cc">
      <Filter>Source Files</Filter>
    </ClCompile>
  </ItemGroup>
  <ItemGroup>
    <ClInclude Include="C:\git\_protobuf\protobuf-main\third_party\abseil-cpp\absl\hash\hash_testing.h">
      <Filter>Header Files</Filter>
    </ClInclude>
    <ClInclude Include="C:\git\_protobuf\protobuf-main\third_party\abseil-cpp\absl\log\scoped_mock_log.h">
      <Filter>Header Files</Filter>
    </ClInclude>
    <ClInclude Include="C:\git\_protobuf\protobuf-main\third_party\abseil-cpp\absl\random\internal\chi_square.h">
      <Filter>Header Files</Filter>
    </ClInclude>
    <ClInclude Include="C:\git\_protobuf\protobuf-main\third_party\abseil-cpp\absl\random\internal\distribution_test_util.h">
      <Filter>Header Files</Filter>
    </ClInclude>
    <ClInclude Include="C:\git\_protobuf\protobuf-main\third_party\abseil-cpp\absl\random\internal\mock_helpers.h">
      <Filter>Header Files</Filter>
    </ClInclude>
    <ClInclude Include="C:\git\_protobuf\protobuf-main\third_party\abseil-cpp\absl\random\internal\mock_overload_set.h">
      <Filter>Header Files</Filter>
    </ClInclude>
    <ClInclude Include="C:\git\_protobuf\protobuf-main\third_party\abseil-cpp\absl\random\mocking_bit_gen.h">
      <Filter>Header Files</Filter>
    </ClInclude>
    <ClInclude Include="C:\git\_protobuf\protobuf-main\third_party\abseil-cpp\absl\random\mock_distributions.h">
      <Filter>Header Files</Filter>
    </ClInclude>
    <ClInclude Include="C:\git\_protobuf\protobuf-main\third_party\abseil-cpp\absl\status\status_matchers.h">
      <Filter>Header Files</Filter>
    </ClInclude>
    <ClInclude Include="C:\git\_protobuf\protobuf-main\third_party\abseil-cpp\absl\status\internal\status_matchers.h">
      <Filter>Header Files</Filter>
    </ClInclude>
    <ClInclude Include="C:\git\_protobuf\protobuf-main\third_party\abseil-cpp\absl\strings\cordz_test_helpers.h">
      <Filter>Header Files</Filter>
    </ClInclude>
    <ClInclude Include="C:\git\_protobuf\protobuf-main\third_party\abseil-cpp\absl\strings\cord_test_helpers.h">
      <Filter>Header Files</Filter>
    </ClInclude>
  </ItemGroup>
  <ItemGroup>
    <CustomBuild Include="C:\git\_protobuf\protobuf-main\third_party\abseil-cpp\absl\CMakeLists.txt" />
  </ItemGroup>
  <ItemGroup>
    <Filter Include="Header Files">
      <UniqueIdentifier>{69B8B4E2-17ED-3C13-AA6E-74E003F47A28}</UniqueIdentifier>
    </Filter>
    <Filter Include="Source Files">
      <UniqueIdentifier>{8E807095-1C4D-31AC-9396-8589F443AB82}</UniqueIdentifier>
    </Filter>
  </ItemGroup>
</Project>
