<?xml version="1.0" encoding="utf-8"?>
<Project ToolsVersion="4.0" xmlns="http://schemas.microsoft.com/developer/msbuild/2003">
  <ItemGroup>
    <Filter Include="Main">
      <UniqueIdentifier>{3744c229-53ab-429f-a1cb-6169cc15019c}</UniqueIdentifier>
    </Filter>
    <Filter Include="Utils">
      <UniqueIdentifier>{2a06487d-3ee0-48b7-8ac4-2af454ba2dcd}</UniqueIdentifier>
    </Filter>
    <Filter Include="Memory">
      <UniqueIdentifier>{bb9f8954-a76a-4e4d-a6ea-2b128d5c73e8}</UniqueIdentifier>
    </Filter>
    <Filter Include="Network">
      <UniqueIdentifier>{08165c0d-4ad6-4429-8268-daf705f801bc}</UniqueIdentifier>
    </Filter>
    <Filter Include="Random">
      <UniqueIdentifier>{044b759a-17ea-49d8-b088-4f5aabf4e848}</UniqueIdentifier>
    </Filter>
    <Filter Include="Lock">
      <UniqueIdentifier>{7546eadf-8b91-4510-84f8-93557d3aa3a3}</UniqueIdentifier>
    </Filter>
    <Filter Include="Threads">
      <UniqueIdentifier>{b0b3a054-a0e1-43e5-879f-cd381d138ad6}</UniqueIdentifier>
    </Filter>
    <Filter Include="Network\IOCP">
      <UniqueIdentifier>{0853d881-014c-41d4-b3dc-64530d54463d}</UniqueIdentifier>
    </Filter>
    <Filter Include="Network\Session">
      <UniqueIdentifier>{d6fc55d9-7910-416f-901c-e80cd67c340d}</UniqueIdentifier>
    </Filter>
  </ItemGroup>
  <ItemGroup>
    <ClInclude Include="pch.h">
      <Filter>Main</Filter>
    </ClInclude>
    <ClInclude Include="CommonPch.h">
      <Filter>Main</Filter>
    </ClInclude>
    <ClInclude Include="Utils\Types.h">
      <Filter>Utils</Filter>
    </ClInclude>
    <ClInclude Include="Utils\CommonMacro.h">
      <Filter>Utils</Filter>
    </ClInclude>
    <ClInclude Include="Memory\Allocator.h">
      <Filter>Memory</Filter>
    </ClInclude>
    <ClInclude Include="Memory\Memory.h">
      <Filter>Memory</Filter>
    </ClInclude>
    <ClInclude Include="Memory\MemoryPool.h">
      <Filter>Memory</Filter>
    </ClInclude>
    <ClInclude Include="Memory\STLAllocator.h">
      <Filter>Memory</Filter>
    </ClInclude>
    <ClInclude Include="Lock\Lock.h">
      <Filter>Lock</Filter>
    </ClInclude>
    <ClInclude Include="Lock\LockManager.h">
      <Filter>Lock</Filter>
    </ClInclude>
    <ClInclude Include="Lock\ReadWriteLock.h">
      <Filter>Lock</Filter>
    </ClInclude>
    <ClInclude Include="Utils\Singleton.h">
      <Filter>Utils</Filter>
    </ClInclude>
    <ClInclude Include="Utils\CommonDefines.h">
      <Filter>Utils</Filter>
    </ClInclude>
    <ClInclude Include="Utils\CommonTLS.h">
      <Filter>Utils</Filter>
    </ClInclude>
    <ClInclude Include="Threads\Thread.h">
      <Filter>Threads</Filter>
    </ClInclude>
    <ClInclude Include="Threads\ThreadManager.h">
      <Filter>Threads</Filter>
    </ClInclude>
    <ClInclude Include="Network\NetAddr.h">
      <Filter>Network</Filter>
    </ClInclude>
    <ClInclude Include="Network\SocketUtil.h">
      <Filter>Network</Filter>
    </ClInclude>
    <ClInclude Include="Network\WsaReady.h">
      <Filter>Network</Filter>
    </ClInclude>
    <ClInclude Include="Network\IOCP\IocpCore.h">
      <Filter>Network\IOCP</Filter>
    </ClInclude>
    <ClInclude Include="Network\Session\Listener.h">
      <Filter>Network\Session</Filter>
    </ClInclude>
    <ClInclude Include="Network\Session\Session.h">
      <Filter>Network\Session</Filter>
    </ClInclude>
  </ItemGroup>
  <ItemGroup>
    <ClCompile Include="pch.cpp">
      <Filter>Main</Filter>
    </ClCompile>
    <ClCompile Include="Memory\Allocator.cpp">
      <Filter>Memory</Filter>
    </ClCompile>
    <ClCompile Include="Memory\Memory.cpp">
      <Filter>Memory</Filter>
    </ClCompile>
    <ClCompile Include="Memory\MemoryPool.cpp">
      <Filter>Memory</Filter>
    </ClCompile>
    <ClCompile Include="Memory\STLAllocator.cpp">
      <Filter>Memory</Filter>
    </ClCompile>
    <ClCompile Include="Lock\Lock.cpp">
      <Filter>Lock</Filter>
    </ClCompile>
    <ClCompile Include="Lock\LockManager.cpp">
      <Filter>Lock</Filter>
    </ClCompile>
    <ClCompile Include="Lock\ReadWriteLock.cpp">
      <Filter>Lock</Filter>
    </ClCompile>
    <ClCompile Include="Threads\Thread.cpp">
      <Filter>Threads</Filter>
    </ClCompile>
    <ClCompile Include="Threads\ThreadManager.cpp">
      <Filter>Threads</Filter>
    </ClCompile>
    <ClCompile Include="Utils\CommonMacro.cpp">
      <Filter>Utils</Filter>
    </ClCompile>
    <ClCompile Include="CommonTLS.cpp">
      <Filter>Utils</Filter>
    </ClCompile>
    <ClCompile Include="Network\NetAddr.cpp">
      <Filter>Network</Filter>
    </ClCompile>
    <ClCompile Include="Network\SocketUtil.cpp">
      <Filter>Network</Filter>
    </ClCompile>
    <ClCompile Include="Network\WsaReady.cpp">
      <Filter>Network</Filter>
    </ClCompile>
    <ClCompile Include="CommonPch.cpp">
      <Filter>Main</Filter>
    </ClCompile>
    <ClCompile Include="Network\IOCP\IocpCore.cpp">
      <Filter>Network\IOCP</Filter>
    </ClCompile>
    <ClCompile Include="Network\Session\Listener.cpp">
      <Filter>Network\Session</Filter>
    </ClCompile>
    <ClCompile Include="Network\Session\Session.cpp">
      <Filter>Network\Session</Filter>
    </ClCompile>
  </ItemGroup>
</Project>