<?xml version="1.0" encoding="utf-8"?>
<Project ToolsVersion="4.0" xmlns="http://schemas.microsoft.com/developer/msbuild/2003">
  <ItemGroup>
    <Filter Include="Main">
      <UniqueIdentifier>{3744c229-53ab-429f-a1cb-6169cc15019c}</UniqueIdentifier>
    </Filter>
    <Filter Include="Utils">
      <UniqueIdentifier>{2a06487d-3ee0-48b7-8ac4-2af454ba2dcd}</UniqueIdentifier>
    </Filter>
    <Filter Include="Memory">
      <UniqueIdentifier>{bb9f8954-a76a-4e4d-a6ea-2b128d5c73e8}</UniqueIdentifier>
    </Filter>
    <Filter Include="Network">
      <UniqueIdentifier>{08165c0d-4ad6-4429-8268-daf705f801bc}</UniqueIdentifier>
    </Filter>
    <Filter Include="Random">
      <UniqueIdentifier>{044b759a-17ea-49d8-b088-4f5aabf4e848}</UniqueIdentifier>
    </Filter>
    <Filter Include="Lock">
      <UniqueIdentifier>{7546eadf-8b91-4510-84f8-93557d3aa3a3}</UniqueIdentifier>
    </Filter>
    <Filter Include="Threads">
      <UniqueIdentifier>{b0b3a054-a0e1-43e5-879f-cd381d138ad6}</UniqueIdentifier>
    </Filter>
    <Filter Include="Network\IOCP">
      <UniqueIdentifier>{0853d881-014c-41d4-b3dc-64530d54463d}</UniqueIdentifier>
    </Filter>
    <Filter Include="Network\Session">
      <UniqueIdentifier>{d6fc55d9-7910-416f-901c-e80cd67c340d}</UniqueIdentifier>
    </Filter>
    <Filter Include="Buffer">
      <UniqueIdentifier>{b14c0e64-5136-4de0-b939-cd933aeb6416}</UniqueIdentifier>
    </Filter>
    <Filter Include="Protocol">
      <UniqueIdentifier>{1f964e0d-3706-4e10-a786-db8fa95e35f5}</UniqueIdentifier>
    </Filter>
    <Filter Include="Protocol\gen">
      <UniqueIdentifier>{5c919e8d-82e2-4126-aac0-153ac50d33dd}</UniqueIdentifier>
    </Filter>
    <Filter Include="Job">
      <UniqueIdentifier>{0610ef0c-ff5b-410a-9834-92050ce534f3}</UniqueIdentifier>
    </Filter>
    <Filter Include="DB">
      <UniqueIdentifier>{c6331a58-c487-49ea-835d-27d8b379ff3a}</UniqueIdentifier>
    </Filter>
    <Filter Include="Redis">
      <UniqueIdentifier>{9804fe0c-3810-4441-ae4f-fedda3f899a5}</UniqueIdentifier>
    </Filter>
    <Filter Include="Logging">
      <UniqueIdentifier>{fa3f7ba9-92b9-4737-bc8b-2ed2ea9a8534}</UniqueIdentifier>
    </Filter>
  </ItemGroup>
  <ItemGroup>
    <ClInclude Include="pch.h">
      <Filter>Main</Filter>
    </ClInclude>
    <ClInclude Include="CommonPch.h">
      <Filter>Main</Filter>
    </ClInclude>
    <ClInclude Include="Utils\Types.h">
      <Filter>Utils</Filter>
    </ClInclude>
    <ClInclude Include="Utils\CommonMacro.h">
      <Filter>Utils</Filter>
    </ClInclude>
    <ClInclude Include="Memory\Allocator.h">
      <Filter>Memory</Filter>
    </ClInclude>
    <ClInclude Include="Memory\Memory.h">
      <Filter>Memory</Filter>
    </ClInclude>
    <ClInclude Include="Memory\MemoryPool.h">
      <Filter>Memory</Filter>
    </ClInclude>
    <ClInclude Include="Memory\STLAllocator.h">
      <Filter>Memory</Filter>
    </ClInclude>
    <ClInclude Include="Lock\Lock.h">
      <Filter>Lock</Filter>
    </ClInclude>
    <ClInclude Include="Lock\LockManager.h">
      <Filter>Lock</Filter>
    </ClInclude>
    <ClInclude Include="Lock\ReadWriteLock.h">
      <Filter>Lock</Filter>
    </ClInclude>
    <ClInclude Include="Utils\Singleton.h">
      <Filter>Utils</Filter>
    </ClInclude>
    <ClInclude Include="Utils\CommonDefines.h">
      <Filter>Utils</Filter>
    </ClInclude>
    <ClInclude Include="Utils\CommonTLS.h">
      <Filter>Utils</Filter>
    </ClInclude>
    <ClInclude Include="Threads\Thread.h">
      <Filter>Threads</Filter>
    </ClInclude>
    <ClInclude Include="Threads\ThreadManager.h">
      <Filter>Threads</Filter>
    </ClInclude>
    <ClInclude Include="Network\NetAddr.h">
      <Filter>Network</Filter>
    </ClInclude>
    <ClInclude Include="Network\SocketUtil.h">
      <Filter>Network</Filter>
    </ClInclude>
    <ClInclude Include="Network\WsaReady.h">
      <Filter>Network</Filter>
    </ClInclude>
    <ClInclude Include="Network\IOCP\IocpCore.h">
      <Filter>Network\IOCP</Filter>
    </ClInclude>
    <ClInclude Include="Network\Session\Listener.h">
      <Filter>Network\Session</Filter>
    </ClInclude>
    <ClInclude Include="Network\Session\Session.h">
      <Filter>Network\Session</Filter>
    </ClInclude>
    <ClInclude Include="Network\Session\SessionManager.h">
      <Filter>Network\Session</Filter>
    </ClInclude>
    <ClInclude Include="Utils\ClockUtil.h">
      <Filter>Utils</Filter>
    </ClInclude>
    <ClInclude Include="Network\IOCP\IocpEvent.h">
      <Filter>Network\IOCP</Filter>
    </ClInclude>
    <ClInclude Include="Network\NetworkCore.h">
      <Filter>Network</Filter>
    </ClInclude>
    <ClInclude Include="Buffer\PacketBuffer.h">
      <Filter>Buffer</Filter>
    </ClInclude>
    <ClInclude Include="Buffer\BufWriter.h">
      <Filter>Buffer</Filter>
    </ClInclude>
    <ClInclude Include="Buffer\BufReader.h">
      <Filter>Buffer</Filter>
    </ClInclude>
    <ClInclude Include="Network\IOCP\IocpObj.h">
      <Filter>Network\IOCP</Filter>
    </ClInclude>
    <ClInclude Include="Buffer\RecvBuffer.h">
      <Filter>Buffer</Filter>
    </ClInclude>
    <ClInclude Include="Buffer\SendBuffer.h">
      <Filter>Buffer</Filter>
    </ClInclude>
    <ClInclude Include="Protocol\gen\UserAndGameServer.pb.h">
      <Filter>Protocol\gen</Filter>
    </ClInclude>
    <ClInclude Include="CommonProtocol.h">
      <Filter>Protocol</Filter>
    </ClInclude>
    <ClInclude Include="Job\LockQueue.h">
      <Filter>Job</Filter>
    </ClInclude>
    <ClInclude Include="Job\Job.h">
      <Filter>Job</Filter>
    </ClInclude>
    <ClInclude Include="Job\JobQueue.h">
      <Filter>Job</Filter>
    </ClInclude>
    <ClInclude Include="Job\GlobalQueue.h">
      <Filter>Job</Filter>
    </ClInclude>
    <ClInclude Include="Job\JobTimer.h">
      <Filter>Job</Filter>
    </ClInclude>
    <ClInclude Include="Utils\TLSSingleton.h">
      <Filter>Utils</Filter>
    </ClInclude>
    <ClInclude Include="Utils\JsonParser.h">
      <Filter>Utils</Filter>
    </ClInclude>
    <ClInclude Include="Utils\JsonWriter.h">
      <Filter>Utils</Filter>
    </ClInclude>
    <ClInclude Include="Utils\JsonReader.h">
      <Filter>Utils</Filter>
    </ClInclude>
    <ClInclude Include="DB\DBConnection.h">
      <Filter>DB</Filter>
    </ClInclude>
    <ClInclude Include="DB\DBConnectionPool.h">
      <Filter>DB</Filter>
    </ClInclude>
    <ClInclude Include="DBBind.h">
      <Filter>DB</Filter>
    </ClInclude>
    <ClInclude Include="Protocol\gen\MasterAndGameServer.pb.h">
      <Filter>Protocol\gen</Filter>
    </ClInclude>
    <ClInclude Include="DB\DBEnums.h">
      <Filter>DB</Filter>
    </ClInclude>
    <ClInclude Include="Redis\RedisConn.h">
      <Filter>Redis</Filter>
    </ClInclude>
    <ClInclude Include="Random\Random.h">
      <Filter>Random</Filter>
    </ClInclude>
    <ClInclude Include="Network\NetUtil.h">
      <Filter>Network</Filter>
    </ClInclude>
    <ClInclude Include="Utils\StrUtil.h">
      <Filter>Utils</Filter>
    </ClInclude>
    <ClInclude Include="Redis\RedisEnum.h">
      <Filter>Redis</Filter>
    </ClInclude>
    <ClInclude Include="Redis\RedisConnPool.h">
      <Filter>Redis</Filter>
    </ClInclude>
    <ClInclude Include="StatusMonitor.h">
      <Filter>Utils</Filter>
    </ClInclude>
    <ClInclude Include="DB\DBConfig.h">
      <Filter>DB</Filter>
    </ClInclude>
    <ClInclude Include="Redis\RedisConfig.h">
      <Filter>Redis</Filter>
    </ClInclude>
    <ClInclude Include="Logger.h">
      <Filter>Logging</Filter>
    </ClInclude>
    <ClInclude Include="Network\Session\SessionFilter.h">
      <Filter>Network\Session</Filter>
    </ClInclude>
  </ItemGroup>
  <ItemGroup>
    <ClCompile Include="pch.cpp">
      <Filter>Main</Filter>
    </ClCompile>
    <ClCompile Include="Memory\Allocator.cpp">
      <Filter>Memory</Filter>
    </ClCompile>
    <ClCompile Include="Memory\Memory.cpp">
      <Filter>Memory</Filter>
    </ClCompile>
    <ClCompile Include="Memory\MemoryPool.cpp">
      <Filter>Memory</Filter>
    </ClCompile>
    <ClCompile Include="Memory\STLAllocator.cpp">
      <Filter>Memory</Filter>
    </ClCompile>
    <ClCompile Include="Lock\Lock.cpp">
      <Filter>Lock</Filter>
    </ClCompile>
    <ClCompile Include="Lock\LockManager.cpp">
      <Filter>Lock</Filter>
    </ClCompile>
    <ClCompile Include="Lock\ReadWriteLock.cpp">
      <Filter>Lock</Filter>
    </ClCompile>
    <ClCompile Include="Threads\Thread.cpp">
      <Filter>Threads</Filter>
    </ClCompile>
    <ClCompile Include="Threads\ThreadManager.cpp">
      <Filter>Threads</Filter>
    </ClCompile>
    <ClCompile Include="Utils\CommonMacro.cpp">
      <Filter>Utils</Filter>
    </ClCompile>
    <ClCompile Include="CommonTLS.cpp">
      <Filter>Utils</Filter>
    </ClCompile>
    <ClCompile Include="Network\NetAddr.cpp">
      <Filter>Network</Filter>
    </ClCompile>
    <ClCompile Include="Network\SocketUtil.cpp">
      <Filter>Network</Filter>
    </ClCompile>
    <ClCompile Include="Network\WsaReady.cpp">
      <Filter>Network</Filter>
    </ClCompile>
    <ClCompile Include="CommonPch.cpp">
      <Filter>Main</Filter>
    </ClCompile>
    <ClCompile Include="Network\IOCP\IocpCore.cpp">
      <Filter>Network\IOCP</Filter>
    </ClCompile>
    <ClCompile Include="Network\Session\Listener.cpp">
      <Filter>Network\Session</Filter>
    </ClCompile>
    <ClCompile Include="Network\Session\Session.cpp">
      <Filter>Network\Session</Filter>
    </ClCompile>
    <ClCompile Include="Network\Session\SessionManager.cpp">
      <Filter>Network\Session</Filter>
    </ClCompile>
    <ClCompile Include="Utils\ClockUtil.cpp">
      <Filter>Utils</Filter>
    </ClCompile>
    <ClCompile Include="Network\IOCP\IocpEvent.cpp">
      <Filter>Network\IOCP</Filter>
    </ClCompile>
    <ClCompile Include="Network\NetworkCore.cpp">
      <Filter>Network</Filter>
    </ClCompile>
    <ClCompile Include="Buffer\PacketBuffer.cpp">
      <Filter>Buffer</Filter>
    </ClCompile>
    <ClCompile Include="Buffer\BufWriter.cpp">
      <Filter>Buffer</Filter>
    </ClCompile>
    <ClCompile Include="Buffer\BufReader.cpp">
      <Filter>Buffer</Filter>
    </ClCompile>
    <ClCompile Include="Network\IOCP\IocpObj.cpp">
      <Filter>Network\IOCP</Filter>
    </ClCompile>
    <ClCompile Include="Buffer\RecvBuffer.cpp">
      <Filter>Buffer</Filter>
    </ClCompile>
    <ClCompile Include="Buffer\SendBuffer.cpp">
      <Filter>Buffer</Filter>
    </ClCompile>
    <ClCompile Include="Protocol\gen\UserAndGameServer.pb.cc">
      <Filter>Protocol\gen</Filter>
    </ClCompile>
    <ClCompile Include="Job\Job.cpp">
      <Filter>Job</Filter>
    </ClCompile>
    <ClCompile Include="Job\LockQueue.cpp">
      <Filter>Job</Filter>
    </ClCompile>
    <ClCompile Include="Job\JobQueue.cpp">
      <Filter>Job</Filter>
    </ClCompile>
    <ClCompile Include="Job\GlobalQueue.cpp">
      <Filter>Job</Filter>
    </ClCompile>
    <ClCompile Include="Job\JobTimer.cpp">
      <Filter>Job</Filter>
    </ClCompile>
    <ClCompile Include="Utils\JsonParser.cpp">
      <Filter>Utils</Filter>
    </ClCompile>
    <ClCompile Include="Utils\JsonWriter.cpp">
      <Filter>Utils</Filter>
    </ClCompile>
    <ClCompile Include="Utils\JsonReader.cpp">
      <Filter>Utils</Filter>
    </ClCompile>
    <ClCompile Include="DB\DBConnection.cpp">
      <Filter>DB</Filter>
    </ClCompile>
    <ClCompile Include="DB\DBConnectionPool.cpp">
      <Filter>DB</Filter>
    </ClCompile>
    <ClCompile Include="DBBind.cpp">
      <Filter>DB</Filter>
    </ClCompile>
    <ClCompile Include="Protocol\gen\MasterAndGameServer.pb.cc">
      <Filter>Protocol\gen</Filter>
    </ClCompile>
    <ClCompile Include="Redis\RedisConn.cpp">
      <Filter>Redis</Filter>
    </ClCompile>
    <ClCompile Include="Random\Random.cpp">
      <Filter>Random</Filter>
    </ClCompile>
    <ClCompile Include="Network\NetUtil.cpp">
      <Filter>Network</Filter>
    </ClCompile>
    <ClCompile Include="Utils\StrUtil.cpp">
      <Filter>Utils</Filter>
    </ClCompile>
    <ClCompile Include="Redis\RedisConnPool.cpp">
      <Filter>Redis</Filter>
    </ClCompile>
    <ClCompile Include="StatusMonitor.cpp">
      <Filter>Utils</Filter>
    </ClCompile>
    <ClCompile Include="DB\DBConfig.cpp">
      <Filter>DB</Filter>
    </ClCompile>
    <ClCompile Include="Redis\RedisConfig.cpp">
      <Filter>Redis</Filter>
    </ClCompile>
    <ClCompile Include="Logger.cpp">
      <Filter>Logging</Filter>
    </ClCompile>
    <ClCompile Include="Network\Session\SessionFilter.cpp">
      <Filter>Network\Session</Filter>
    </ClCompile>
  </ItemGroup>
  <ItemGroup>
    <None Include="Protocol\UserAndGameServer.proto">
      <Filter>Protocol</Filter>
    </None>
    <None Include="Protocol\MasterAndGameServer.proto">
      <Filter>Protocol</Filter>
    </None>
    <None Include="Protocol\UserAndChatServer.proto">
      <Filter>Protocol</Filter>
    </None>
  </ItemGroup>
</Project>